# This file was autogenerated by Stack.
# You should not edit this file by hand.
# For more information, please see the documentation at:
#   https://docs.haskellstack.org/en/stable/lock_files

packages:
- completed:
    subdir: amazonka
    name: amazonka
    version: 1.6.1
    git: https://github.com/brendanhay/amazonka.git
    pantry-tree:
      size: 3780
      sha256: ad1d6d34a7dbc110e3e453beade324942302c383683af6745804f233243134aa
    commit: 23495aaf7f08d6666f8e3bc8e72f5041ce7c6801
  original:
    subdir: amazonka
    git: https://github.com/brendanhay/amazonka.git
    commit: 23495aaf7f08d6666f8e3bc8e72f5041ce7c6801
- completed:
    subdir: amazonka-dynamodb
    name: amazonka-dynamodb
    version: 1.6.1
    git: https://github.com/brendanhay/amazonka.git
    pantry-tree:
      size: 24750
      sha256: e2a143324fd90bfa927aae38c3364de7c814e47fd0242f8aec15ad7383406a11
    commit: 23495aaf7f08d6666f8e3bc8e72f5041ce7c6801
  original:
    subdir: amazonka-dynamodb
    git: https://github.com/brendanhay/amazonka.git
    commit: 23495aaf7f08d6666f8e3bc8e72f5041ce7c6801
snapshots:
- completed:
    size: 587546
    url: https://raw.githubusercontent.com/commercialhaskell/stackage-snapshots/master/lts/18/10.yaml
    sha256: 88b4f81e162ba3adc230a9fcccc4d19ac116377656bab56c7382ca88598b257a
  original: lts-18.10
